Microsoft Visual Studio Solution File, Format Version 12.00
# Visual Studio Version 17
VisualStudioVersion = 17.5.2.0
MinimumVisualStudioVersion = 10.0.40219.1
Project("{FAE04EC0-301F-11D3-BF4B-00C04F79EFBC}") = "LearningApp", "LearningApp.csproj", "{19935F91-B462-F112-C30C-C175B3E5AB55}"
EndProject
Global
	GlobalSection(SolutionConfigurationPlatforms) = preSolution
		Debug|Any CPU = Debug|Any CPU
		Release|Any CPU = Release|Any CPU
	EndGlobalSection
	GlobalSection(ProjectConfigurationPlatforms) = postSolution
		{19935F91-B462-F112-C30C-C175B3E5AB55}.Debug|Any CPU.ActiveCfg = Debug|Any CPU
		{19935F91-B462-F112-C30C-C175B3E5AB55}.Debug|Any CPU.Build.0 = Debug|Any CPU
		{19935F91-B462-F112-C30C-C175B3E5AB55}.Release|Any CPU.ActiveCfg = Release|Any CPU
		{19935F91-B462-F112-C30C-C175B3E5AB55}.Release|Any CPU.Build.0 = Release|Any CPU
	EndGlobalSection
	GlobalSection(SolutionProperties) = preSolution
		HideSolutionNode = FALSE
	EndGlobalSection
	GlobalSection(ExtensibilityGlobals) = postSolution
		SolutionGuid = {DE5A88C2-F17E-48A3-B5D9-ABFF5BDE18F4}
	EndGlobalSection
EndGlobal
